# This file is autogenerated, do not edit; changes may be undone by the next 'dep ensure'.


[[projects]]
  name = "github.com/aws/aws-lambda-go"
  packages = [
    "lambda",
    "lambda/messages",
    "lambdacontext"
  ]
  revision = "6e2e37798efbb1dfd8e9c6681702e683a6046517"
  version = "v1.0.1"

[[projects]]
  name = "github.com/aws/aws-sdk-go"
  packages = ["."]
  revision = "1b176c5c6b57adb03bb982c21930e708ebca5a77"
  version = "v1.12.70"

[solve-meta]
  analyzer-name = "dep"
  analyzer-version = 1
  inputs-digest = "b647244b27453fad8725df12b580be77bf575a528c59b66d4ae5594dcd178678"
  solver-name = "gps-cdcl"
  solver-version = 1
